
Microsoft Visual Studio Solution File, Format Version 12.00
# Visual Studio Version 17
VisualStudioVersion = 17.5.33424.131
MinimumVisualStudioVersion = 10.0.40219.1
Project("{FAE04EC0-301F-11D3-BF4B-00C04F79EFBC}") = "ConversorMonedasJesus", "ConversorMonedasJesus.csproj", "{0539E44A-5848-475F-9D3F-D97ED7E482C4}"
EndProject
Global
	GlobalSection(SolutionConfigurationPlatforms) = preSolution
		Debug|Any CPU = Debug|Any CPU
		Release|Any CPU = Release|Any CPU
	EndGlobalSection
	GlobalSection(ProjectConfigurationPlatforms) = postSolution
		{0539E44A-5848-475F-9D3F-D97ED7E482C4}.Debug|Any CPU.ActiveCfg = Debug|Any CPU
		{0539E44A-5848-475F-9D3F-D97ED7E482C4}.Debug|Any CPU.Build.0 = Debug|Any CPU
		{0539E44A-5848-475F-9D3F-D97ED7E482C4}.Release|Any CPU.ActiveCfg = Release|Any CPU
		{0539E44A-5848-475F-9D3F-D97ED7E482C4}.Release|Any CPU.Build.0 = Release|Any CPU
	EndGlobalSection
	GlobalSection(SolutionProperties) = preSolution
		HideSolutionNode = FALSE
	EndGlobalSection
	GlobalSection(ExtensibilityGlobals) = postSolution
		SolutionGuid = {EFA6C2C9-89E1-434C-83FD-D3034AB202C3}
	EndGlobalSection
EndGlobal
